
Microsoft Visual Studio Solution File, Format Version 12.00
# Visual Studio Version 16
VisualStudioVersion = 16.0.30114.105
MinimumVisualStudioVersion = 10.0.40219.1
Project("{FAE04EC0-301F-11D3-BF4B-00C04F79EFBC}") = "timer", "timer\timer.csproj", "{103E0F67-53D8-4BF5-93C8-D3DAD64228DA}"
EndProject
Global
	GlobalSection(SolutionConfigurationPlatforms) = preSolution
		Debug|Any CPU = Debug|Any CPU
		Release|Any CPU = Release|Any CPU
	EndGlobalSection
	GlobalSection(ProjectConfigurationPlatforms) = postSolution
		{103E0F67-53D8-4BF5-93C8-D3DAD64228DA}.Debug|Any CPU.ActiveCfg = Debug|Any CPU
		{103E0F67-53D8-4BF5-93C8-D3DAD64228DA}.Debug|Any CPU.Build.0 = Debug|Any CPU
		{103E0F67-53D8-4BF5-93C8-D3DAD64228DA}.Release|Any CPU.ActiveCfg = Release|Any CPU
		{103E0F67-53D8-4BF5-93C8-D3DAD64228DA}.Release|Any CPU.Build.0 = Release|Any CPU
	EndGlobalSection
	GlobalSection(SolutionProperties) = preSolution
		HideSolutionNode = FALSE
	EndGlobalSection
	GlobalSection(ExtensibilityGlobals) = postSolution
		SolutionGuid = {F645548B-C45C-4177-9A85-CA421B82FA81}
	EndGlobalSection
EndGlobal
